
Microsoft Visual Studio Solution File, Format Version 12.00
# Visual Studio 2013
VisualStudioVersion = 12.0.30723.0
MinimumVisualStudioVersion = 10.0.40219.1
Project("{FAE04EC0-301F-11D3-BF4B-00C04F79EFBC}") = "LedWizEngine", "LedWizEngine\LedWizEngine.csproj", "{959D5F06-CA04-4B97-A0D8-656D253402BD}"
EndProject
Project("{FAE04EC0-301F-11D3-BF4B-00C04F79EFBC}") = "SkeeBawlWpf", "SkeeBawlWpf\SkeeBawlWpf.csproj", "{28766F9D-54BD-4F2D-BFBF-669702C8733D}"
EndProject
Global
	GlobalSection(SolutionConfigurationPlatforms) = preSolution
		Debug|Any CPU = Debug|Any CPU
		Release|Any CPU = Release|Any CPU
	EndGlobalSection
	GlobalSection(ProjectConfigurationPlatforms) = postSolution
		{959D5F06-CA04-4B97-A0D8-656D253402BD}.Debug|Any CPU.ActiveCfg = Debug|Any CPU
		{959D5F06-CA04-4B97-A0D8-656D253402BD}.Debug|Any CPU.Build.0 = Debug|Any CPU
		{959D5F06-CA04-4B97-A0D8-656D253402BD}.Release|Any CPU.ActiveCfg = Release|Any CPU
		{959D5F06-CA04-4B97-A0D8-656D253402BD}.Release|Any CPU.Build.0 = Release|Any CPU
		{28766F9D-54BD-4F2D-BFBF-669702C8733D}.Debug|Any CPU.ActiveCfg = Debug|Any CPU
		{28766F9D-54BD-4F2D-BFBF-669702C8733D}.Debug|Any CPU.Build.0 = Debug|Any CPU
		{28766F9D-54BD-4F2D-BFBF-669702C8733D}.Release|Any CPU.ActiveCfg = Release|Any CPU
		{28766F9D-54BD-4F2D-BFBF-669702C8733D}.Release|Any CPU.Build.0 = Release|Any CPU
	EndGlobalSection
	GlobalSection(SolutionProperties) = preSolution
		HideSolutionNode = FALSE
	EndGlobalSection
EndGlobal
